{
    "compileClasspath": {
        "io.monix:implicitbox_2.13": {
            "locked": "0.2.0",
            "transitive": [
                "io.monix:monix-execution_2.13"
            ]
        },
        "io.monix:monix-catnap_2.13": {
            "locked": "3.2.2",
            "transitive": [
                "io.monix:monix-eval_2.13",
                "io.monix:monix-tail_2.13",
                "io.monix:monix_2.13"
            ]
        },
        "io.monix:monix-eval_2.13": {
            "locked": "3.2.2",
            "transitive": [
                "io.monix:monix-reactive_2.13",
                "io.monix:monix_2.13"
            ]
        },
        "io.monix:monix-execution_2.13": {
            "locked": "3.2.2",
            "transitive": [
                "io.monix:monix-catnap_2.13",
                "io.monix:monix-eval_2.13",
                "io.monix:monix-reactive_2.13",
                "io.monix:monix_2.13"
            ]
        },
        "io.monix:monix-java_2.13": {
            "locked": "3.2.2",
            "transitive": [
                "io.monix:monix_2.13"
            ]
        },
        "io.monix:monix-reactive_2.13": {
            "locked": "3.2.2",
            "transitive": [
                "io.monix:monix_2.13"
            ]
        },
        "io.monix:monix-tail_2.13": {
            "locked": "3.2.2",
            "transitive": [
                "io.monix:monix_2.13"
            ]
        },
        "io.monix:monix_2.13": {
            "locked": "3.2.2",
            "requested": "3.2.2"
        },
        "org.jctools:jctools-core": {
            "locked": "2.1.2",
            "transitive": [
                "io.monix:monix-execution_2.13"
            ]
        },
        "org.reactivestreams:reactive-streams": {
            "locked": "1.0.3",
            "transitive": [
                "io.monix:monix-execution_2.13"
            ]
        },
        "org.scala-lang:scala-library": {
            "locked": "2.13.3",
            "requested": "2.13.3",
            "transitive": [
                "io.monix:implicitbox_2.13",
                "io.monix:monix-catnap_2.13",
                "io.monix:monix-eval_2.13",
                "io.monix:monix-execution_2.13",
                "io.monix:monix-java_2.13",
                "io.monix:monix-reactive_2.13",
                "io.monix:monix-tail_2.13",
                "io.monix:monix_2.13",
                "org.typelevel:cats-core_2.13",
                "org.typelevel:cats-effect_2.13",
                "org.typelevel:cats-kernel_2.13",
                "org.typelevel:cats-macros_2.13"
            ]
        },
        "org.typelevel:cats-core_2.13": {
            "locked": "2.1.1",
            "transitive": [
                "org.typelevel:cats-effect_2.13"
            ]
        },
        "org.typelevel:cats-effect_2.13": {
            "locked": "2.1.3",
            "transitive": [
                "io.monix:monix-catnap_2.13"
            ]
        },
        "org.typelevel:cats-kernel_2.13": {
            "locked": "2.1.1",
            "transitive": [
                "org.typelevel:cats-core_2.13"
            ]
        },
        "org.typelevel:cats-macros_2.13": {
            "locked": "2.1.1",
            "transitive": [
                "org.typelevel:cats-core_2.13"
            ]
        }
    },
    "repositoryContentDescriptorMavenModules": {
        "netflix.nebula.repositorycontent:repository-content-descriptor-maven-modules": {
            "locked": "0.11.4"
        }
    },
    "runtimeClasspath": {
        "io.monix:implicitbox_2.13": {
            "locked": "0.2.0",
            "transitive": [
                "io.monix:monix-execution_2.13"
            ]
        },
        "io.monix:monix-catnap_2.13": {
            "locked": "3.2.2",
            "transitive": [
                "io.monix:monix-eval_2.13",
                "io.monix:monix-tail_2.13",
                "io.monix:monix_2.13"
            ]
        },
        "io.monix:monix-eval_2.13": {
            "locked": "3.2.2",
            "transitive": [
                "io.monix:monix-reactive_2.13",
                "io.monix:monix_2.13"
            ]
        },
        "io.monix:monix-execution_2.13": {
            "locked": "3.2.2",
            "transitive": [
                "io.monix:monix-catnap_2.13",
                "io.monix:monix-eval_2.13",
                "io.monix:monix-reactive_2.13",
                "io.monix:monix_2.13"
            ]
        },
        "io.monix:monix-java_2.13": {
            "locked": "3.2.2",
            "transitive": [
                "io.monix:monix_2.13"
            ]
        },
        "io.monix:monix-reactive_2.13": {
            "locked": "3.2.2",
            "transitive": [
                "io.monix:monix_2.13"
            ]
        },
        "io.monix:monix-tail_2.13": {
            "locked": "3.2.2",
            "transitive": [
                "io.monix:monix_2.13"
            ]
        },
        "io.monix:monix_2.13": {
            "locked": "3.2.2",
            "requested": "3.2.2"
        },
        "org.jctools:jctools-core": {
            "locked": "2.1.2",
            "transitive": [
                "io.monix:monix-execution_2.13"
            ]
        },
        "org.reactivestreams:reactive-streams": {
            "locked": "1.0.3",
            "transitive": [
                "io.monix:monix-execution_2.13"
            ]
        },
        "org.scala-lang:scala-library": {
            "locked": "2.13.3",
            "requested": "2.13.3",
            "transitive": [
                "io.monix:implicitbox_2.13",
                "io.monix:monix-catnap_2.13",
                "io.monix:monix-eval_2.13",
                "io.monix:monix-execution_2.13",
                "io.monix:monix-java_2.13",
                "io.monix:monix-reactive_2.13",
                "io.monix:monix-tail_2.13",
                "io.monix:monix_2.13",
                "org.typelevel:cats-core_2.13",
                "org.typelevel:cats-effect_2.13",
                "org.typelevel:cats-kernel_2.13",
                "org.typelevel:cats-macros_2.13"
            ]
        },
        "org.typelevel:cats-core_2.13": {
            "locked": "2.1.1",
            "transitive": [
                "org.typelevel:cats-effect_2.13"
            ]
        },
        "org.typelevel:cats-effect_2.13": {
            "locked": "2.1.3",
            "transitive": [
                "io.monix:monix-catnap_2.13"
            ]
        },
        "org.typelevel:cats-kernel_2.13": {
            "locked": "2.1.1",
            "transitive": [
                "org.typelevel:cats-core_2.13"
            ]
        },
        "org.typelevel:cats-macros_2.13": {
            "locked": "2.1.1",
            "transitive": [
                "org.typelevel:cats-core_2.13"
            ]
        }
    },
    "testCompileClasspath": {
        "io.monix:implicitbox_2.13": {
            "locked": "0.2.0",
            "transitive": [
                "io.monix:monix-execution_2.13"
            ]
        },
        "io.monix:monix-catnap_2.13": {
            "locked": "3.2.2",
            "transitive": [
                "io.monix:monix-eval_2.13",
                "io.monix:monix-tail_2.13",
                "io.monix:monix_2.13"
            ]
        },
        "io.monix:monix-eval_2.13": {
            "locked": "3.2.2",
            "transitive": [
                "io.monix:monix-reactive_2.13",
                "io.monix:monix_2.13"
            ]
        },
        "io.monix:monix-execution_2.13": {
            "locked": "3.2.2",
            "transitive": [
                "io.monix:monix-catnap_2.13",
                "io.monix:monix-eval_2.13",
                "io.monix:monix-reactive_2.13",
                "io.monix:monix_2.13"
            ]
        },
        "io.monix:monix-java_2.13": {
            "locked": "3.2.2",
            "transitive": [
                "io.monix:monix_2.13"
            ]
        },
        "io.monix:monix-reactive_2.13": {
            "locked": "3.2.2",
            "transitive": [
                "io.monix:monix_2.13"
            ]
        },
        "io.monix:monix-tail_2.13": {
            "locked": "3.2.2",
            "transitive": [
                "io.monix:monix_2.13"
            ]
        },
        "io.monix:monix_2.13": {
            "locked": "3.2.2",
            "requested": "3.2.2"
        },
        "junit:junit": {
            "locked": "4.13",
            "transitive": [
                "org.scalameta:junit-interface",
                "org.scalameta:munit_2.13"
            ]
        },
        "org.hamcrest:hamcrest-core": {
            "locked": "1.3",
            "transitive": [
                "junit:junit"
            ]
        },
        "org.jctools:jctools-core": {
            "locked": "2.1.2",
            "transitive": [
                "io.monix:monix-execution_2.13"
            ]
        },
        "org.reactivestreams:reactive-streams": {
            "locked": "1.0.3",
            "transitive": [
                "io.monix:monix-execution_2.13"
            ]
        },
        "org.scala-lang:scala-library": {
            "locked": "2.13.3",
            "requested": "2.13.3",
            "transitive": [
                "io.monix:implicitbox_2.13",
                "io.monix:monix-catnap_2.13",
                "io.monix:monix-eval_2.13",
                "io.monix:monix-execution_2.13",
                "io.monix:monix-java_2.13",
                "io.monix:monix-reactive_2.13",
                "io.monix:monix-tail_2.13",
                "io.monix:monix_2.13",
                "org.scala-lang:scala-reflect",
                "org.scalameta:munit_2.13",
                "org.typelevel:cats-core_2.13",
                "org.typelevel:cats-effect_2.13",
                "org.typelevel:cats-kernel_2.13",
                "org.typelevel:cats-macros_2.13"
            ]
        },
        "org.scala-lang:scala-reflect": {
            "locked": "2.13.2",
            "transitive": [
                "org.scalameta:munit_2.13"
            ]
        },
        "org.scala-sbt:test-interface": {
            "locked": "1.0",
            "transitive": [
                "org.scalameta:junit-interface"
            ]
        },
        "org.scalameta:junit-interface": {
            "locked": "0.7.7",
            "transitive": [
                "org.scalameta:munit_2.13"
            ]
        },
        "org.scalameta:munit_2.13": {
            "locked": "0.7.7",
            "requested": "0.7.7"
        },
        "org.typelevel:cats-core_2.13": {
            "locked": "2.1.1",
            "transitive": [
                "org.typelevel:cats-effect_2.13"
            ]
        },
        "org.typelevel:cats-effect_2.13": {
            "locked": "2.1.3",
            "transitive": [
                "io.monix:monix-catnap_2.13"
            ]
        },
        "org.typelevel:cats-kernel_2.13": {
            "locked": "2.1.1",
            "transitive": [
                "org.typelevel:cats-core_2.13"
            ]
        },
        "org.typelevel:cats-macros_2.13": {
            "locked": "2.1.1",
            "transitive": [
                "org.typelevel:cats-core_2.13"
            ]
        }
    },
    "testRuntimeClasspath": {
        "io.monix:implicitbox_2.13": {
            "locked": "0.2.0",
            "transitive": [
                "io.monix:monix-execution_2.13"
            ]
        },
        "io.monix:monix-catnap_2.13": {
            "locked": "3.2.2",
            "transitive": [
                "io.monix:monix-eval_2.13",
                "io.monix:monix-tail_2.13",
                "io.monix:monix_2.13"
            ]
        },
        "io.monix:monix-eval_2.13": {
            "locked": "3.2.2",
            "transitive": [
                "io.monix:monix-reactive_2.13",
                "io.monix:monix_2.13"
            ]
        },
        "io.monix:monix-execution_2.13": {
            "locked": "3.2.2",
            "transitive": [
                "io.monix:monix-catnap_2.13",
                "io.monix:monix-eval_2.13",
                "io.monix:monix-reactive_2.13",
                "io.monix:monix_2.13"
            ]
        },
        "io.monix:monix-java_2.13": {
            "locked": "3.2.2",
            "transitive": [
                "io.monix:monix_2.13"
            ]
        },
        "io.monix:monix-reactive_2.13": {
            "locked": "3.2.2",
            "transitive": [
                "io.monix:monix_2.13"
            ]
        },
        "io.monix:monix-tail_2.13": {
            "locked": "3.2.2",
            "transitive": [
                "io.monix:monix_2.13"
            ]
        },
        "io.monix:monix_2.13": {
            "locked": "3.2.2",
            "requested": "3.2.2"
        },
        "junit:junit": {
            "locked": "4.13",
            "transitive": [
                "org.scalameta:junit-interface",
                "org.scalameta:munit_2.13"
            ]
        },
        "org.hamcrest:hamcrest-core": {
            "locked": "1.3",
            "transitive": [
                "junit:junit"
            ]
        },
        "org.jctools:jctools-core": {
            "locked": "2.1.2",
            "transitive": [
                "io.monix:monix-execution_2.13"
            ]
        },
        "org.reactivestreams:reactive-streams": {
            "locked": "1.0.3",
            "transitive": [
                "io.monix:monix-execution_2.13"
            ]
        },
        "org.scala-lang:scala-library": {
            "locked": "2.13.3",
            "requested": "2.13.3",
            "transitive": [
                "io.monix:implicitbox_2.13",
                "io.monix:monix-catnap_2.13",
                "io.monix:monix-eval_2.13",
                "io.monix:monix-execution_2.13",
                "io.monix:monix-java_2.13",
                "io.monix:monix-reactive_2.13",
                "io.monix:monix-tail_2.13",
                "io.monix:monix_2.13",
                "org.scala-lang:scala-reflect",
                "org.scalameta:munit_2.13",
                "org.typelevel:cats-core_2.13",
                "org.typelevel:cats-effect_2.13",
                "org.typelevel:cats-kernel_2.13",
                "org.typelevel:cats-macros_2.13"
            ]
        },
        "org.scala-lang:scala-reflect": {
            "locked": "2.13.2",
            "transitive": [
                "org.scalameta:munit_2.13"
            ]
        },
        "org.scala-sbt:test-interface": {
            "locked": "1.0",
            "transitive": [
                "org.scalameta:junit-interface"
            ]
        },
        "org.scalameta:junit-interface": {
            "locked": "0.7.7",
            "transitive": [
                "org.scalameta:munit_2.13"
            ]
        },
        "org.scalameta:munit_2.13": {
            "locked": "0.7.7",
            "requested": "0.7.7"
        },
        "org.typelevel:cats-core_2.13": {
            "locked": "2.1.1",
            "transitive": [
                "org.typelevel:cats-effect_2.13"
            ]
        },
        "org.typelevel:cats-effect_2.13": {
            "locked": "2.1.3",
            "transitive": [
                "io.monix:monix-catnap_2.13"
            ]
        },
        "org.typelevel:cats-kernel_2.13": {
            "locked": "2.1.1",
            "transitive": [
                "org.typelevel:cats-core_2.13"
            ]
        },
        "org.typelevel:cats-macros_2.13": {
            "locked": "2.1.1",
            "transitive": [
                "org.typelevel:cats-core_2.13"
            ]
        }
    }
}